// !$*UTF8*$!
{
	archiveVersion = 1;
	classes = {
	};
	objectVersion = 50;
	objects = {

/* Begin PBXBuildFile section */
		FA33B26522CB08BC00B6A22D /* main.m in Sources */ = {isa = PBXBuildFile; fileRef = FA33B26422CB08BC00B6A22D /* main.m */; };
/* End PBXBuildFile section */

/* Begin PBXCopyFilesBuildPhase section */
		FA33B25F22CB08BB00B6A22D /* CopyFiles */ = {
			isa = PBXCopyFilesBuildPhase;
			buildActionMask = 2147483647;
			dstPath = /usr/share/man/man1/;
			dstSubfolderSpec = 0;
			files = (
			);
			runOnlyForDeploymentPostprocessing = 1;
		};
/* End PBXCopyFilesBuildPhase section */

/* Begin PBXFileReference section */
		FA33B26122CB08BB00B6A22D /* haste */ = {isa = PBXFileReference; explicitFileType = "compiled.mach-o.executable"; includeInIndex = 0; path = haste; sourceTree = BUILT_PRODUCTS_DIR; };
		FA33B26422CB08BC00B6A22D /* main.m */ = {isa = PBXFileReference; lastKnownFileType = sourcecode.c.objc; path = main.m; sourceTree = "<group>"; };
/* End PBXFileReference section */

/* Begin PBXFrameworksBuildPhase section */
		FA33B25E22CB08BB00B6A22D /* Frameworks */ = {
			isa = PBXFrameworksBuildPhase;
			buildActionMask = 2147483647;
			files = (
			);
			runOnlyForDeploymentPostprocessing = 0;
		};
/* End PBXFrameworksBuildPhase section */

/* Begin PBXGroup section */
		FA33B25822CB08BB00B6A22D = {
			isa = PBXGroup;
			children = (
				FA33B26322CB08BC00B6A22D /* src */,
				FA33B26222CB08BB00B6A22D /* Products */,
			);
			sourceTree = "<group>";
		};
		FA33B26222CB08BB00B6A22D /* Products */ = {
			isa = PBXGroup;
			children = (
				FA33B26122CB08BB00B6A22D /* haste */,
			);
			name = Products;
			sourceTree = "<group>";
		};
		FA33B26322CB08BC00B6A22D /* src */ = {
			isa = PBXGroup;
			children = (
				FA33B26422CB08BC00B6A22D /* main.m */,
			);
			path = src;
			sourceTree = "<group>";
		};
/* End PBXGroup section */

/* Begin PBXNativeTarget section */
		FA33B26022CB08BB00B6A22D /* haste */ = {
			isa = PBXNativeTarget;
			buildConfigurationList = FA33B26822CB08BC00B6A22D /* Build configuration list for PBXNativeTarget "haste" */;
			buildPhases = (
				FA33B25D22CB08BB00B6A22D /* Sources */,
				FA33B25E22CB08BB00B6A22D /* Frameworks */,
				FA33B25F22CB08BB00B6A22D /* CopyFiles */,
			);
			buildRules = (
			);
			dependencies = (
			);
			name = haste;
			productName = haste;
			productReference = FA33B26122CB08BB00B6A22D /* haste */;
			productType = "com.apple.product-type.tool";
		};
/* End PBXNativeTarget section */

/* Begin PBXProject section */
		FA33B25922CB08BB00B6A22D /* Project object */ = {
			isa = PBXProject;
			attributes = {
				LastUpgradeCheck = 1140;
				ORGANIZATIONNAME = Leptos;
				TargetAttributes = {
					FA33B26022CB08BB00B6A22D = {
						CreatedOnToolsVersion = 11.0;
					};
				};
			};
			buildConfigurationList = FA33B25C22CB08BB00B6A22D /* Build configuration list for PBXProject "haste" */;
			compatibilityVersion = "Xcode 9.3";
			developmentRegion = en;
			hasScannedForEncodings = 0;
			knownRegions = (
				en,
				Base,
			);
			mainGroup = FA33B25822CB08BB00B6A22D;
			productRefGroup = FA33B26222CB08BB00B6A22D /* Products */;
			projectDirPath = "";
			projectRoot = "";
			targets = (
				FA33B26022CB08BB00B6A22D /* haste */,
			);
		};
/* End PBXProject section */

/* Begin PBXSourcesBuildPhase section */
		FA33B25D22CB08BB00B6A22D /* Sources */ = {
			isa = PBXSourcesBuildPhase;
			buildActionMask = 2147483647;
			files = (
				FA33B26522CB08BC00B6A22D /* main.m in Sources */,
			);
			runOnlyForDeploymentPostprocessing = 0;
		};
/* End PBXSourcesBuildPhase section */

/* Begin XCBuildConfiguration section */
		FA33B26622CB08BC00B6A22D /* Debug */ = {
			isa = XCBuildConfiguration;
			buildSettings = {
				ALWAYS_SEARCH_USER_PATHS = NO;
				CLANG_ANALYZER_SECURITY_INSECUREAPI_RAND = YES;
				CLANG_ANALYZER_SECURITY_INSECUREAPI_STRCPY = YES;
				CLANG_CXX_LANGUAGE_STANDARD = "gnu++17";
				CLANG_CXX_LIBRARY = "libc++";
				CLANG_ENABLE_MODULES = YES;
				CLANG_ENABLE_OBJC_ARC = YES;
				CLANG_ENABLE_OBJC_WEAK = YES;
				CLANG_WARN_BLOCK_CAPTURE_AUTORELEASING = YES;
				CLANG_WARN_BOOL_CONVERSION = YES;
				CLANG_WARN_CONSTANT_CONVERSION = YES;
				CLANG_WARN_DEPRECATED_OBJC_IMPLEMENTATIONS = YES;
				CLANG_WARN_DOCUMENTATION_COMMENTS = YES;
				CLANG_WARN_EMPTY_BODY = YES;
				CLANG_WARN_ENUM_CONVERSION = YES;
				CLANG_WARN_INFINITE_RECURSION = YES;
				CLANG_WARN_INT_CONVERSION = YES;
				CLANG_WARN_NON_LITERAL_NULL_CONVERSION = YES;
				CLANG_WARN_OBJC_IMPLICIT_RETAIN_SELF = YES;
				CLANG_WARN_OBJC_INTERFACE_IVARS = YES;
				CLANG_WARN_OBJC_LITERAL_CONVERSION = YES;
				CLANG_WARN_OBJC_ROOT_CLASS = YES_ERROR;
				CLANG_WARN_RANGE_LOOP_ANALYSIS = YES;
				CLANG_WARN_SUSPICIOUS_MOVE = YES;
				CLANG_WARN_UNGUARDED_AVAILABILITY = YES_AGGRESSIVE;
				CLANG_WARN_UNREACHABLE_CODE = YES;
				CLANG_WARN__DUPLICATE_METHOD_MATCH = YES;
				COPY_PHASE_STRIP = NO;
				DEBUG_INFORMATION_FORMAT = dwarf;
				ENABLE_STRICT_OBJC_MSGSEND = YES;
				ENABLE_TESTABILITY = YES;
				GCC_C_LANGUAGE_STANDARD = gnu11;
				GCC_DYNAMIC_NO_PIC = NO;
				GCC_NO_COMMON_BLOCKS = YES;
				GCC_OPTIMIZATION_LEVEL = 0;
				GCC_PREPROCESSOR_DEFINITIONS = (
					"DEBUG=1",
					"$(inherited)",
				);
				GCC_WARN_64_TO_32_BIT_CONVERSION = YES;
				GCC_WARN_ABOUT_RETURN_TYPE = YES;
				GCC_WARN_INITIALIZER_NOT_FULLY_BRACKETED = YES;
				GCC_WARN_SHADOW = YES;
				GCC_WARN_UNDECLARED_SELECTOR = YES;
				GCC_WARN_UNINITIALIZED_AUTOS = YES;
				GCC_WARN_UNKNOWN_PRAGMAS = YES;
				GCC_WARN_UNUSED_FUNCTION = YES;
				GCC_WARN_UNUSED_VARIABLE = YES;
				IPHONEOS_DEPLOYMENT_TARGET = 8.0;
				MACOSX_DEPLOYMENT_TARGET = 10.10;
				ONLY_ACTIVE_ARCH = YES;
				SDKROOT = macosx;
				TVOS_DEPLOYMENT_TARGET = 9.0;
				WATCHOS_DEPLOYMENT_TARGET = 2.0;
			};
			name = Debug;
		};
		FA33B26722CB08BC00B6A22D /* Release */ = {
			isa = XCBuildConfiguration;
			buildSettings = {
				ALWAYS_SEARCH_USER_PATHS = NO;
				CLANG_ANALYZER_SECURITY_INSECUREAPI_RAND = YES;
				CLANG_ANALYZER_SECURITY_INSECUREAPI_STRCPY = YES;
				CLANG_CXX_LANGUAGE_STANDARD = "gnu++17";
				CLANG_CXX_LIBRARY = "libc++";
				CLANG_ENABLE_MODULES = YES;
				CLANG_ENABLE_OBJC_ARC = YES;
				CLANG_ENABLE_OBJC_WEAK = YES;
				CLANG_WARN_BLOCK_CAPTURE_AUTORELEASING = YES;
				CLANG_WARN_BOOL_CONVERSION = YES;
				CLANG_WARN_CONSTANT_CONVERSION = YES;
				CLANG_WARN_DEPRECATED_OBJC_IMPLEMENTATIONS = YES;
				CLANG_WARN_DOCUMENTATION_COMMENTS = YES;
				CLANG_WARN_EMPTY_BODY = YES;
				CLANG_WARN_ENUM_CONVERSION = YES;
				CLANG_WARN_INFINITE_RECURSION = YES;
				CLANG_WARN_INT_CONVERSION = YES;
				CLANG_WARN_NON_LITERAL_NULL_CONVERSION = YES;
				CLANG_WARN_OBJC_IMPLICIT_RETAIN_SELF = YES;
				CLANG_WARN_OBJC_INTERFACE_IVARS = YES;
				CLANG_WARN_OBJC_LITERAL_CONVERSION = YES;
				CLANG_WARN_OBJC_ROOT_CLASS = YES_ERROR;
				CLANG_WARN_RANGE_LOOP_ANALYSIS = YES;
				CLANG_WARN_SUSPICIOUS_MOVE = YES;
				CLANG_WARN_UNGUARDED_AVAILABILITY = YES_AGGRESSIVE;
				CLANG_WARN_UNREACHABLE_CODE = YES;
				CLANG_WARN__DUPLICATE_METHOD_MATCH = YES;
				COPY_PHASE_STRIP = NO;
				DEBUG_INFORMATION_FORMAT = "dwarf-with-dsym";
				ENABLE_NS_ASSERTIONS = NO;
				ENABLE_STRICT_OBJC_MSGSEND = YES;
				GCC_C_LANGUAGE_STANDARD = gnu11;
				GCC_NO_COMMON_BLOCKS = YES;
				GCC_TREAT_WARNINGS_AS_ERRORS = YES;
				GCC_WARN_64_TO_32_BIT_CONVERSION = YES;
				GCC_WARN_ABOUT_RETURN_TYPE = YES;
				GCC_WARN_INITIALIZER_NOT_FULLY_BRACKETED = YES;
				GCC_WARN_SHADOW = YES;
				GCC_WARN_UNDECLARED_SELECTOR = YES;
				GCC_WARN_UNINITIALIZED_AUTOS = YES;
				GCC_WARN_UNKNOWN_PRAGMAS = YES;
				GCC_WARN_UNUSED_FUNCTION = YES;
				GCC_WARN_UNUSED_VARIABLE = YES;
				IPHONEOS_DEPLOYMENT_TARGET = 8.0;
				MACOSX_DEPLOYMENT_TARGET = 10.10;
				SDKROOT = macosx;
				TVOS_DEPLOYMENT_TARGET = 9.0;
				WATCHOS_DEPLOYMENT_TARGET = 2.0;
			};
			name = Release;
		};
		FA33B26922CB08BC00B6A22D /* Debug */ = {
			isa = XCBuildConfiguration;
			buildSettings = {
				ENABLE_HARDENED_RUNTIME = YES;
				PRODUCT_NAME = "$(TARGET_NAME)";
			};
			name = Debug;
		};
		FA33B26A22CB08BC00B6A22D /* Release */ = {
			isa = XCBuildConfiguration;
			buildSettings = {
				ENABLE_HARDENED_RUNTIME = YES;
				PRODUCT_NAME = "$(TARGET_NAME)";
			};
			name = Release;
		};
/* End XCBuildConfiguration section */

/* Begin XCConfigurationList section */
		FA33B25C22CB08BB00B6A22D /* Build configuration list for PBXProject "haste" */ = {
			isa = XCConfigurationList;
			buildConfigurations = (
				FA33B26622CB08BC00B6A22D /* Debug */,
				FA33B26722CB08BC00B6A22D /* Release */,
			);
			defaultConfigurationIsVisible = 0;
			defaultConfigurationName = Release;
		};
		FA33B26822CB08BC00B6A22D /* Build configuration list for PBXNativeTarget "haste" */ = {
			isa = XCConfigurationList;
			buildConfigurations = (
				FA33B26922CB08BC00B6A22D /* Debug */,
				FA33B26A22CB08BC00B6A22D /* Release */,
			);
			defaultConfigurationIsVisible = 0;
			defaultConfigurationName = Release;
		};
/* End XCConfigurationList section */
	};
	rootObject = FA33B25922CB08BB00B6A22D /* Project object */;
}
